
Microsoft Visual Studio Solution File, Format Version 12.00
# Visual Studio Version 17
VisualStudioVersion = 17.7.34024.191
MinimumVisualStudioVersion = 10.0.40219.1
Project("{FAE04EC0-301F-11D3-BF4B-00C04F79EFBC}") = "Lesson7", "Lesson7\Lesson7.csproj", "{59CC4AB8-9BBE-461F-82D9-EDC36FB19CFC}"
EndProject
Global
	GlobalSection(SolutionConfigurationPlatforms) = preSolution
		Debug|Any CPU = Debug|Any CPU
		Release|Any CPU = Release|Any CPU
	EndGlobalSection
	GlobalSection(ProjectConfigurationPlatforms) = postSolution
		{59CC4AB8-9BBE-461F-82D9-EDC36FB19CFC}.Debug|Any CPU.ActiveCfg = Debug|Any CPU
		{59CC4AB8-9BBE-461F-82D9-EDC36FB19CFC}.Debug|Any CPU.Build.0 = Debug|Any CPU
		{59CC4AB8-9BBE-461F-82D9-EDC36FB19CFC}.Release|Any CPU.ActiveCfg = Release|Any CPU
		{59CC4AB8-9BBE-461F-82D9-EDC36FB19CFC}.Release|Any CPU.Build.0 = Release|Any CPU
	EndGlobalSection
	GlobalSection(SolutionProperties) = preSolution
		HideSolutionNode = FALSE
	EndGlobalSection
	GlobalSection(ExtensibilityGlobals) = postSolution
		SolutionGuid = {F396665A-9652-4959-ADC3-1AFCBFA6CAD7}
	EndGlobalSection
EndGlobal
