
Microsoft Visual Studio Solution File, Format Version 12.00
# Visual Studio Version 17
VisualStudioVersion = 17.7.34024.191
MinimumVisualStudioVersion = 10.0.40219.1
Project("{FAE04EC0-301F-11D3-BF4B-00C04F79EFBC}") = "Lesson6", "Lesson6\Lesson6.csproj", "{4933D0CC-5754-4ACA-9451-6FC754933BC0}"
EndProject
Global
	GlobalSection(SolutionConfigurationPlatforms) = preSolution
		Debug|Any CPU = Debug|Any CPU
		Release|Any CPU = Release|Any CPU
	EndGlobalSection
	GlobalSection(ProjectConfigurationPlatforms) = postSolution
		{4933D0CC-5754-4ACA-9451-6FC754933BC0}.Debug|Any CPU.ActiveCfg = Debug|Any CPU
		{4933D0CC-5754-4ACA-9451-6FC754933BC0}.Debug|Any CPU.Build.0 = Debug|Any CPU
		{4933D0CC-5754-4ACA-9451-6FC754933BC0}.Release|Any CPU.ActiveCfg = Release|Any CPU
		{4933D0CC-5754-4ACA-9451-6FC754933BC0}.Release|Any CPU.Build.0 = Release|Any CPU
	EndGlobalSection
	GlobalSection(SolutionProperties) = preSolution
		HideSolutionNode = FALSE
	EndGlobalSection
	GlobalSection(ExtensibilityGlobals) = postSolution
		SolutionGuid = {69F044F6-BAFB-41DE-A66A-5262A15F993A}
	EndGlobalSection
EndGlobal
